Microsoft Visual Studio Solution File, Format Version 10.00
# Visual C++ Express 2008
Project("{8BC9CEB8-8B4A-11D0-8D11-00A0C91BC942}") = "splib", "splib.vcproj", "{0E9F4D5D-E15A-4CAE-B41B-B00CB4201A4F}"
EndProject
Project("{8BC9CEB8-8B4A-11D0-8D11-00A0C91BC942}") = "test", "test\test.vcproj", "{C9ECADC1-27A7-4259-9E64-8FC12126928C}"
	ProjectSection(ProjectDependencies) = postProject
		{0E9F4D5D-E15A-4CAE-B41B-B00CB4201A4F} = {0E9F4D5D-E15A-4CAE-B41B-B00CB4201A4F}
	EndProjectSection
EndProject
Global
	GlobalSection(SolutionConfigurationPlatforms) = preSolution
		Debug|Win32 = Debug|Win32
		Release|Win32 = Release|Win32
	EndGlobalSection
	GlobalSection(ProjectConfigurationPlatforms) = postSolution
		{0E9F4D5D-E15A-4CAE-B41B-B00CB4201A4F}.Debug|Win32.ActiveCfg = Debug|Win32
		{0E9F4D5D-E15A-4CAE-B41B-B00CB4201A4F}.Debug|Win32.Build.0 = Debug|Win32
		{0E9F4D5D-E15A-4CAE-B41B-B00CB4201A4F}.Release|Win32.ActiveCfg = Release|Win32
		{0E9F4D5D-E15A-4CAE-B41B-B00CB4201A4F}.Release|Win32.Build.0 = Release|Win32
		{C9ECADC1-27A7-4259-9E64-8FC12126928C}.Debug|Win32.ActiveCfg = Debug|Win32
		{C9ECADC1-27A7-4259-9E64-8FC12126928C}.Debug|Win32.Build.0 = Debug|Win32
		{C9ECADC1-27A7-4259-9E64-8FC12126928C}.Release|Win32.ActiveCfg = Release|Win32
		{C9ECADC1-27A7-4259-9E64-8FC12126928C}.Release|Win32.Build.0 = Release|Win32
	EndGlobalSection
	GlobalSection(SolutionProperties) = preSolution
		HideSolutionNode = FALSE
	EndGlobalSection
EndGlobal
